{
  "version": 4,
  "terraform_version": "1.8.3",
  "serial": 3,
  "lineage": "912a1da2-59a1-2adb-fcd0-d56fec089422",
  "outputs": {
    "subnet_id": {
      "value": "/subscriptions/1a29b0d1-13af-4585-ae53-52a7fc5d0c30/resourceGroups/cyntia-rg/providers/Microsoft.Network/virtualNetworks/virtual-machine-vnet/subnets/custom-subnet",
      "type": "string"
    }
  },
  "resources": [
    {
      "mode": "managed",
      "type": "azurerm_subnet",
      "name": "subnet",
      "provider": "provider[\"registry.terraform.io/hashicorp/azurerm\"]",
      "instances": [
        {
          "schema_version": 0,
          "attributes": {
            "address_prefixes": [
              "10.0.2.0/24"
            ],
            "delegation": [],
            "enforce_private_link_endpoint_network_policies": false,
            "enforce_private_link_service_network_policies": false,
            "id": "/subscriptions/1a29b0d1-13af-4585-ae53-52a7fc5d0c30/resourceGroups/cyntia-rg/providers/Microsoft.Network/virtualNetworks/virtual-machine-vnet/subnets/custom-subnet",
            "name": "custom-subnet",
            "private_endpoint_network_policies": "Enabled",
            "private_endpoint_network_policies_enabled": true,
            "private_link_service_network_policies_enabled": true,
            "resource_group_name": "cyntia-rg",
            "service_endpoint_policy_ids": null,
            "service_endpoints": null,
            "timeouts": null,
            "virtual_network_name": "virtual-machine-vnet"
          },
          "sensitive_attributes": [],
          "private": "eyJlMmJmYjczMC1lY2FhLTExZTYtOGY4OC0zNDM2M2JjN2M0YzAiOnsiY3JlYXRlIjoxODAwMDAwMDAwMDAwLCJkZWxldGUiOjE4MDAwMDAwMDAwMDAsInJlYWQiOjMwMDAwMDAwMDAwMCwidXBkYXRlIjoxODAwMDAwMDAwMDAwfX0="
        }
      ]
    }
  ],
  "check_results": null
}
